# This file is autogenerated, do not edit; changes may be undone by the next 'dep ensure'.


[[projects]]
  branch = "master"
  name = "github.com/faiface/glhf"
  packages = ["."]
  revision = "98c0391c0fd3f0b365cfe5d467ac162b79dfb002"

[[projects]]
  branch = "master"
  name = "github.com/faiface/mainthread"
  packages = ["."]
  revision = "8b78f0a41ae388189090ac4506612659fa53082b"

[[projects]]
  name = "github.com/faiface/pixel"
  packages = [".","pixelgl"]
  revision = "4b7553cd73d038f46306a2f6da7a55c5c00a4da3"
  version = "v0.6"

[[projects]]
  branch = "master"
  name = "github.com/go-gl/gl"
  packages = ["v3.3-core/gl"]
  revision = "ac0d3d2af0fe995e2bb09fa6619b716b0c0fc0fa"

[[projects]]
  branch = "master"
  name = "github.com/go-gl/glfw"
  packages = ["v3.2/glfw"]
  revision = "513e4f2bf85c31fba0fc4907abd7895242ccbe50"

[[projects]]
  branch = "master"
  name = "github.com/go-gl/mathgl"
  packages = ["mgl32","mgl64"]
  revision = "4c3fc6b4bf30179013667e5d0b926e024d9a13c1"

[[projects]]
  name = "github.com/pkg/errors"
  packages = ["."]
  revision = "645ef00459ed84a119197bfb8d8205042c6df63d"
  version = "v0.8.0"

[[projects]]
  branch = "master"
  name = "golang.org/x/image"
  packages = ["colornames","math/f32","math/f64"]
  revision = "12117c17ca67ffa1ce22e9409f3b0b0a93ac08c7"

[[projects]]
  branch = "master"
  name = "golang.org/x/net"
  packages = ["html","html/atom"]
  revision = "5ccada7d0a7ba9aeb5d3aca8d3501b4c2a509fec"

[solve-meta]
  analyzer-name = "dep"
  analyzer-version = 1
  inputs-digest = "2bffab2876fe8d5710833ab78926ea248d2b160d9904c0c286e43ee1b64a2379"
  solver-name = "gps-cdcl"
  solver-version = 1
